
Microsoft Visual Studio Solution File, Format Version 12.00
# Visual Studio 15
VisualStudioVersion = 15.0.27004.2002
MinimumVisualStudioVersion = 10.0.40219.1
Project("{FAE04EC0-301F-11D3-BF4B-00C04F79EFBC}") = "Project", "Project\Project.csproj", "{464B5D7D-C72B-4F4D-A4CE-BF0C0B1781CF}"
EndProject
Global
	GlobalSection(SolutionConfigurationPlatforms) = preSolution
		Debug|Any CPU = Debug|Any CPU
		Release|Any CPU = Release|Any CPU
	EndGlobalSection
	GlobalSection(ProjectConfigurationPlatforms) = postSolution
		{464B5D7D-C72B-4F4D-A4CE-BF0C0B1781CF}.Debug|Any CPU.ActiveCfg = Debug|Any CPU
		{464B5D7D-C72B-4F4D-A4CE-BF0C0B1781CF}.Debug|Any CPU.Build.0 = Debug|Any CPU
		{464B5D7D-C72B-4F4D-A4CE-BF0C0B1781CF}.Release|Any CPU.ActiveCfg = Release|Any CPU
		{464B5D7D-C72B-4F4D-A4CE-BF0C0B1781CF}.Release|Any CPU.Build.0 = Release|Any CPU
	EndGlobalSection
	GlobalSection(SolutionProperties) = preSolution
		HideSolutionNode = FALSE
	EndGlobalSection
	GlobalSection(ExtensibilityGlobals) = postSolution
		SolutionGuid = {EE5C1972-54C7-4F99-8518-C90205D6FF64}
	EndGlobalSection
EndGlobal
